
Microsoft Visual Studio Solution File, Format Version 12.00
# Visual Studio Version 16
VisualStudioVersion = 16.0.31105.61
MinimumVisualStudioVersion = 10.0.40219.1
Project("{FAE04EC0-301F-11D3-BF4B-00C04F79EFBC}") = "TrackerLibrary", "TrackerLibrary\TrackerLibrary.csproj", "{1852C9DB-58BC-4A96-8617-1EFE9B6AF54E}"
EndProject
Global
	GlobalSection(SolutionConfigurationPlatforms) = preSolution
		Debug|Any CPU = Debug|Any CPU
		Release|Any CPU = Release|Any CPU
	EndGlobalSection
	GlobalSection(ProjectConfigurationPlatforms) = postSolution
		{1852C9DB-58BC-4A96-8617-1EFE9B6AF54E}.Debug|Any CPU.ActiveCfg = Debug|Any CPU
		{1852C9DB-58BC-4A96-8617-1EFE9B6AF54E}.Debug|Any CPU.Build.0 = Debug|Any CPU
		{1852C9DB-58BC-4A96-8617-1EFE9B6AF54E}.Release|Any CPU.ActiveCfg = Release|Any CPU
		{1852C9DB-58BC-4A96-8617-1EFE9B6AF54E}.Release|Any CPU.Build.0 = Release|Any CPU
	EndGlobalSection
	GlobalSection(SolutionProperties) = preSolution
		HideSolutionNode = FALSE
	EndGlobalSection
	GlobalSection(ExtensibilityGlobals) = postSolution
		SolutionGuid = {E2611FD1-A387-4FBB-A537-48FF51DF21F1}
	EndGlobalSection
EndGlobal
